
Microsoft Visual Studio Solution File, Format Version 12.00
# Visual Studio Version 17
VisualStudioVersion = 17.8.34330.188
MinimumVisualStudioVersion = 10.0.40219.1
Project("{FAE04EC0-301F-11D3-BF4B-00C04F79EFBC}") = "Vasmegye", "Vasmegye\Vasmegye.csproj", "{D889D01C-ABCE-4FF7-BFBB-2CD29E81998E}"
EndProject
Global
	GlobalSection(SolutionConfigurationPlatforms) = preSolution
		Debug|Any CPU = Debug|Any CPU
		Release|Any CPU = Release|Any CPU
	EndGlobalSection
	GlobalSection(ProjectConfigurationPlatforms) = postSolution
		{D889D01C-ABCE-4FF7-BFBB-2CD29E81998E}.Debug|Any CPU.ActiveCfg = Debug|Any CPU
		{D889D01C-ABCE-4FF7-BFBB-2CD29E81998E}.Debug|Any CPU.Build.0 = Debug|Any CPU
		{D889D01C-ABCE-4FF7-BFBB-2CD29E81998E}.Release|Any CPU.ActiveCfg = Release|Any CPU
		{D889D01C-ABCE-4FF7-BFBB-2CD29E81998E}.Release|Any CPU.Build.0 = Release|Any CPU
	EndGlobalSection
	GlobalSection(SolutionProperties) = preSolution
		HideSolutionNode = FALSE
	EndGlobalSection
	GlobalSection(ExtensibilityGlobals) = postSolution
		SolutionGuid = {E1E13A17-2E33-4548-93E1-60E0F905009C}
	EndGlobalSection
EndGlobal
